<?xml version="1.0" encoding="utf-8"?>
<Project ToolsVersion="4.0" xmlns="http://schemas.microsoft.com/developer/msbuild/2003">
  <ItemGroup>
    <Filter Include="Source Files">
      <UniqueIdentifier>{4FC737F1-C7A5-4376-A066-2A32D752A2FF}</UniqueIdentifier>
      <Extensions>cpp;c;cc;cxx;c++;cppm;ixx;def;odl;idl;hpj;bat;asm;asmx</Extensions>
    </Filter>
    <Filter Include="Header Files">
      <UniqueIdentifier>{93995380-89BD-4b04-88EB-625FBE52EBFB}</UniqueIdentifier>
      <Extensions>h;hh;hpp;hxx;h++;hm;inl;inc;ipp;xsd</Extensions>
    </Filter>
    <Filter Include="Resource Files">
      <UniqueIdentifier>{67DA6AB6-F800-4c08-8B7A-83BB121AAD01}</UniqueIdentifier>
      <Extensions>rc;ico;cur;bmp;dlg;rc2;rct;bin;rgs;gif;jpg;jpeg;jpe;resx;tiff;tif;png;wav;mfcribbon-ms</Extensions>
    </Filter>
  </ItemGroup>
  <ItemGroup>
    <ClCompile Include="ModernCpp.cpp">
      <Filter>Source Files</Filter>
    </ClCompile>
    <ClCompile Include="getlineexample.cpp">
      <Filter>Source Files</Filter>
    </ClCompile>
    <ClCompile Include="UniformInitialization.cpp">
      <Filter>Source Files</Filter>
    </ClCompile>
    <ClCompile Include="ConstAndCompoundTypes.cpp">
      <Filter>Source Files</Filter>
    </ClCompile>
    <ClCompile Include="autoType.cpp">
      <Filter>Source Files</Filter>
    </ClCompile>
    <ClCompile Include="RangeBasedForLoop.cpp">
      <Filter>Source Files</Filter>
    </ClCompile>
    <ClCompile Include="FunctionOverloading.cpp">
      <Filter>Source Files</Filter>
    </ClCompile>
    <ClCompile Include="func.cpp">
      <Filter>Source Files</Filter>
    </ClCompile>
    <ClCompile Include="InlineFunction.cpp">
      <Filter>Source Files</Filter>
    </ClCompile>
    <ClCompile Include="functionPointers.cpp">
      <Filter>Source Files</Filter>
    </ClCompile>
    <ClCompile Include="DMA-P1.c">
      <Filter>Source Files</Filter>
    </ClCompile>
    <ClCompile Include="DMA-P4.cpp">
      <Filter>Source Files</Filter>
    </ClCompile>
    <ClCompile Include="thisPointer.cpp">
      <Filter>Source Files</Filter>
    </ClCompile>
    <ClCompile Include="Car.cpp">
      <Filter>Source Files</Filter>
    </ClCompile>
    <ClCompile Include="CarMain.cpp">
      <Filter>Source Files</Filter>
    </ClCompile>
    <ClCompile Include="Integer.cpp">
      <Filter>Source Files</Filter>
    </ClCompile>
    <ClCompile Include="IntegerMain.cpp">
      <Filter>Source Files</Filter>
    </ClCompile>
    <ClCompile Include="DeleteDefault.cpp">
      <Filter>Source Files</Filter>
    </ClCompile>
    <ClCompile Include="MoveSemantic.cpp">
      <Filter>Source Files</Filter>
    </ClCompile>
    <ClCompile Include="OprtrOverlding-P1_P2.cpp">
      <Filter>Source Files</Filter>
    </ClCompile>
    <ClCompile Include="OprtrOverlding-P3.cpp">
      <Filter>Source Files</Filter>
    </ClCompile>
    <ClCompile Include="SmartPointers-P1.cpp">
      <Filter>Source Files</Filter>
    </ClCompile>
    <ClCompile Include="TypeCasting-P1.cpp">
      <Filter>Source Files</Filter>
    </ClCompile>
    <ClCompile Include="TypeCasting-P2.cpp">
      <Filter>Source Files</Filter>
    </ClCompile>
    <ClCompile Include="TypeCasting-P4.cpp">
      <Filter>Source Files</Filter>
    </ClCompile>
    <ClCompile Include="Init_vs_assignment.cpp">
      <Filter>Source Files</Filter>
    </ClCompile>
    <ClCompile Include="uniquePtr.cpp">
      <Filter>Source Files</Filter>
    </ClCompile>
    <ClCompile Include="SharedPtr.cpp">
      <Filter>Source Files</Filter>
    </ClCompile>
    <ClCompile Include="WeakPointer.cpp">
      <Filter>Source Files</Filter>
    </ClCompile>
    <ClCompile Include="CircularRef.cpp">
      <Filter>Source Files</Filter>
    </ClCompile>
    <ClCompile Include="deleter.cpp">
      <Filter>Source Files</Filter>
    </ClCompile>
    <ClCompile Include="DynamicArrays.cpp">
      <Filter>Source Files</Filter>
    </ClCompile>
    <ClCompile Include="MakeFunctions.cpp">
      <Filter>Source Files</Filter>
    </ClCompile>
    <ClCompile Include="ScopedEnums.cpp">
      <Filter>Source Files</Filter>
    </ClCompile>
    <ClCompile Include="strings1.cpp">
      <Filter>Source Files</Filter>
    </ClCompile>
  </ItemGroup>
  <ItemGroup>
    <ClInclude Include="func.h">
      <Filter>Source Files</Filter>
    </ClInclude>
    <ClInclude Include="Car.h">
      <Filter>Source Files</Filter>
    </ClInclude>
    <ClInclude Include="Integer.h">
      <Filter>Source Files</Filter>
    </ClInclude>
  </ItemGroup>
  <ItemGroup>
    <Text Include="namespace.txt">
      <Filter>Resource Files</Filter>
    </Text>
  </ItemGroup>
</Project>